// !$*UTF8*$!
{
	archiveVersion = 1;
	classes = {
	};
	objectVersion = 46;
	objects = {

/* Begin PBXBuildFile section */
		CB25EEEA1B2C6C3200E003F9 /* main.m in Sources */ = {isa = PBXBuildFile; fileRef = CB25EEE91B2C6C3200E003F9 /* main.m */; };
		CB25EEED1B2C6C3200E003F9 /* AppDelegate.m in Sources */ = {isa = PBXBuildFile; fileRef = CB25EEEC1B2C6C3200E003F9 /* AppDelegate.m */; };
		CB25EEF01B2C6C3200E003F9 /* ViewController.m in Sources */ = {isa = PBXBuildFile; fileRef = CB25EEEF1B2C6C3200E003F9 /* ViewController.m */; };
		CB25EEF31B2C6C3200E003F9 /* Main.storyboard in Resources */ = {isa = PBXBuildFile; fileRef = CB25EEF11B2C6C3200E003F9 /* Main.storyboard */; };
		CB25EEF51B2C6C3200E003F9 /* Images.xcassets in Resources */ = {isa = PBXBuildFile; fileRef = CB25EEF41B2C6C3200E003F9 /* Images.xcassets */; };
		CB25EEF81B2C6C3200E003F9 /* LaunchScreen.xib in Resources */ = {isa = PBXBuildFile; fileRef = CB25EEF61B2C6C3200E003F9 /* LaunchScreen.xib */; };
		CB25EF041B2C6C3300E003F9 /* CrimeAlertTests.m in Sources */ = {isa = PBXBuildFile; fileRef = CB25EF031B2C6C3300E003F9 /* CrimeAlertTests.m */; };
/* End PBXBuildFile section */

/* Begin PBXContainerItemProxy section */
		CB25EEFE1B2C6C3300E003F9 /* PBXContainerItemProxy */ = {
			isa = PBXContainerItemProxy;
			containerPortal = CB25EEDC1B2C6C3200E003F9 /* Project object */;
			proxyType = 1;
			remoteGlobalIDString = CB25EEE31B2C6C3200E003F9;
			remoteInfo = CrimeAlert;
		};
/* End PBXContainerItemProxy section */

/* Begin PBXFileReference section */
		CB25EEE41B2C6C3200E003F9 /* CrimeAlert.app */ = {isa = PBXFileReference; explicitFileType = wrapper.application; includeInIndex = 0; path = CrimeAlert.app; sourceTree = BUILT_PRODUCTS_DIR; };
		CB25EEE81B2C6C3200E003F9 /* Info.plist */ = {isa = PBXFileReference; lastKnownFileType = text.plist.xml; path = Info.plist; sourceTree = "<group>"; };
		CB25EEE91B2C6C3200E003F9 /* main.m */ = {isa = PBXFileReference; lastKnownFileType = sourcecode.c.objc; path = main.m; sourceTree = "<group>"; };
		CB25EEEB1B2C6C3200E003F9 /* AppDelegate.h */ = {isa = PBXFileReference; lastKnownFileType = sourcecode.c.h; path = AppDelegate.h; sourceTree = "<group>"; };
		CB25EEEC1B2C6C3200E003F9 /* AppDelegate.m */ = {isa = PBXFileReference; lastKnownFileType = sourcecode.c.objc; path = AppDelegate.m; sourceTree = "<group>"; };
		CB25EEEE1B2C6C3200E003F9 /* ViewController.h */ = {isa = PBXFileReference; lastKnownFileType = sourcecode.c.h; path = ViewController.h; sourceTree = "<group>"; };
		CB25EEEF1B2C6C3200E003F9 /* ViewController.m */ = {isa = PBXFileReference; lastKnownFileType = sourcecode.c.objc; path = ViewController.m; sourceTree = "<group>"; };
		CB25EEF21B2C6C3200E003F9 /* Base */ = {isa = PBXFileReference; lastKnownFileType = file.storyboard; name = Base; path = Base.lproj/Main.storyboard; sourceTree = "<group>"; };
		CB25EEF41B2C6C3200E003F9 /* Images.xcassets */ = {isa = PBXFileReference; lastKnownFileType = folder.assetcatalog; path = Images.xcassets; sourceTree = "<group>"; };
		CB25EEF71B2C6C3200E003F9 /* Base */ = {isa = PBXFileReference; lastKnownFileType = file.xib; name = Base; path = Base.lproj/LaunchScreen.xib; sourceTree = "<group>"; };
		CB25EEFD1B2C6C3300E003F9 /* CrimeAlertTests.xctest */ = {isa = PBXFileReference; explicitFileType = wrapper.cfbundle; includeInIndex = 0; path = CrimeAlertTests.xctest; sourceTree = BUILT_PRODUCTS_DIR; };
		CB25EF021B2C6C3300E003F9 /* Info.plist */ = {isa = PBXFileReference; lastKnownFileType = text.plist.xml; path = Info.plist; sourceTree = "<group>"; };
		CB25EF031B2C6C3300E003F9 /* CrimeAlertTests.m */ = {isa = PBXFileReference; lastKnownFileType = sourcecode.c.objc; path = CrimeAlertTests.m; sourceTree = "<group>"; };
/* End PBXFileReference section */

/* Begin PBXFrameworksBuildPhase section */
		CB25EEE11B2C6C3200E003F9 /* Frameworks */ = {
			isa = PBXFrameworksBuildPhase;
			buildActionMask = 2147483647;
			files = (
			);
			runOnlyForDeploymentPostprocessing = 0;
		};
		CB25EEFA1B2C6C3300E003F9 /* Frameworks */ = {
			isa = PBXFrameworksBuildPhase;
			buildActionMask = 2147483647;
			files = (
			);
			runOnlyForDeploymentPostprocessing = 0;
		};
/* End PBXFrameworksBuildPhase section */

/* Begin PBXGroup section */
		CB25EEDB1B2C6C3200E003F9 = {
			isa = PBXGroup;
			children = (
				CB25EEE61B2C6C3200E003F9 /* CrimeAlert */,
				CB25EF001B2C6C3300E003F9 /* CrimeAlertTests */,
				CB25EEE51B2C6C3200E003F9 /* Products */,
			);
			sourceTree = "<group>";
		};
		CB25EEE51B2C6C3200E003F9 /* Products */ = {
			isa = PBXGroup;
			children = (
				CB25EEE41B2C6C3200E003F9 /* CrimeAlert.app */,
				CB25EEFD1B2C6C3300E003F9 /* CrimeAlertTests.xctest */,
			);
			name = Products;
			sourceTree = "<group>";
		};
		CB25EEE61B2C6C3200E003F9 /* CrimeAlert */ = {
			isa = PBXGroup;
			children = (
				CB25EEEB1B2C6C3200E003F9 /* AppDelegate.h */,
				CB25EEEC1B2C6C3200E003F9 /* AppDelegate.m */,
				CB25EEEE1B2C6C3200E003F9 /* ViewController.h */,
				CB25EEEF1B2C6C3200E003F9 /* ViewController.m */,
				CB25EEF11B2C6C3200E003F9 /* Main.storyboard */,
				CB25EEF41B2C6C3200E003F9 /* Images.xcassets */,
				CB25EEF61B2C6C3200E003F9 /* LaunchScreen.xib */,
				CB25EEE71B2C6C3200E003F9 /* Supporting Files */,
			);
			path = CrimeAlert;
			sourceTree = "<group>";
		};
		CB25EEE71B2C6C3200E003F9 /* Supporting Files */ = {
			isa = PBXGroup;
			children = (
				CB25EEE81B2C6C3200E003F9 /* Info.plist */,
				CB25EEE91B2C6C3200E003F9 /* main.m */,
			);
			name = "Supporting Files";
			sourceTree = "<group>";
		};
		CB25EF001B2C6C3300E003F9 /* CrimeAlertTests */ = {
			isa = PBXGroup;
			children = (
				CB25EF031B2C6C3300E003F9 /* CrimeAlertTests.m */,
				CB25EF011B2C6C3300E003F9 /* Supporting Files */,
			);
			path = CrimeAlertTests;
			sourceTree = "<group>";
		};
		CB25EF011B2C6C3300E003F9 /* Supporting Files */ = {
			isa = PBXGroup;
			children = (
				CB25EF021B2C6C3300E003F9 /* Info.plist */,
			);
			name = "Supporting Files";
			sourceTree = "<group>";
		};
/* End PBXGroup section */

/* Begin PBXNativeTarget section */
		CB25EEE31B2C6C3200E003F9 /* CrimeAlert */ = {
			isa = PBXNativeTarget;
			buildConfigurationList = CB25EF071B2C6C3300E003F9 /* Build configuration list for PBXNativeTarget "CrimeAlert" */;
			buildPhases = (
				CB25EEE01B2C6C3200E003F9 /* Sources */,
				CB25EEE11B2C6C3200E003F9 /* Frameworks */,
				CB25EEE21B2C6C3200E003F9 /* Resources */,
			);
			buildRules = (
			);
			dependencies = (
			);
			name = CrimeAlert;
			productName = CrimeAlert;
			productReference = CB25EEE41B2C6C3200E003F9 /* CrimeAlert.app */;
			productType = "com.apple.product-type.application";
		};
		CB25EEFC1B2C6C3300E003F9 /* CrimeAlertTests */ = {
			isa = PBXNativeTarget;
			buildConfigurationList = CB25EF0A1B2C6C3300E003F9 /* Build configuration list for PBXNativeTarget "CrimeAlertTests" */;
			buildPhases = (
				CB25EEF91B2C6C3300E003F9 /* Sources */,
				CB25EEFA1B2C6C3300E003F9 /* Frameworks */,
				CB25EEFB1B2C6C3300E003F9 /* Resources */,
			);
			buildRules = (
			);
			dependencies = (
				CB25EEFF1B2C6C3300E003F9 /* PBXTargetDependency */,
			);
			name = CrimeAlertTests;
			productName = CrimeAlertTests;
			productReference = CB25EEFD1B2C6C3300E003F9 /* CrimeAlertTests.xctest */;
			productType = "com.apple.product-type.bundle.unit-test";
		};
/* End PBXNativeTarget section */

/* Begin PBXProject section */
		CB25EEDC1B2C6C3200E003F9 /* Project object */ = {
			isa = PBXProject;
			attributes = {
				LastUpgradeCheck = 0630;
				ORGANIZATIONNAME = shoby;
				TargetAttributes = {
					CB25EEE31B2C6C3200E003F9 = {
						CreatedOnToolsVersion = 6.3.2;
					};
					CB25EEFC1B2C6C3300E003F9 = {
						CreatedOnToolsVersion = 6.3.2;
						TestTargetID = CB25EEE31B2C6C3200E003F9;
					};
				};
			};
			buildConfigurationList = CB25EEDF1B2C6C3200E003F9 /* Build configuration list for PBXProject "CrimeAlert" */;
			compatibilityVersion = "Xcode 3.2";
			developmentRegion = English;
			hasScannedForEncodings = 0;
			knownRegions = (
				en,
				Base,
			);
			mainGroup = CB25EEDB1B2C6C3200E003F9;
			productRefGroup = CB25EEE51B2C6C3200E003F9 /* Products */;
			projectDirPath = "";
			projectRoot = "";
			targets = (
				CB25EEE31B2C6C3200E003F9 /* CrimeAlert */,
				CB25EEFC1B2C6C3300E003F9 /* CrimeAlertTests */,
			);
		};
/* End PBXProject section */

/* Begin PBXResourcesBuildPhase section */
		CB25EEE21B2C6C3200E003F9 /* Resources */ = {
			isa = PBXResourcesBuildPhase;
			buildActionMask = 2147483647;
			files = (
				CB25EEF31B2C6C3200E003F9 /* Main.storyboard in Resources */,
				CB25EEF81B2C6C3200E003F9 /* LaunchScreen.xib in Resources */,
				CB25EEF51B2C6C3200E003F9 /* Images.xcassets in Resources */,
			);
			runOnlyForDeploymentPostprocessing = 0;
		};
		CB25EEFB1B2C6C3300E003F9 /* Resources */ = {
			isa = PBXResourcesBuildPhase;
			buildActionMask = 2147483647;
			files = (
			);
			runOnlyForDeploymentPostprocessing = 0;
		};
/* End PBXResourcesBuildPhase section */

/* Begin PBXSourcesBuildPhase section */
		CB25EEE01B2C6C3200E003F9 /* Sources */ = {
			isa = PBXSourcesBuildPhase;
			buildActionMask = 2147483647;
			files = (
				CB25EEF01B2C6C3200E003F9 /* ViewController.m in Sources */,
				CB25EEED1B2C6C3200E003F9 /* AppDelegate.m in Sources */,
				CB25EEEA1B2C6C3200E003F9 /* main.m in Sources */,
			);
			runOnlyForDeploymentPostprocessing = 0;
		};
		CB25EEF91B2C6C3300E003F9 /* Sources */ = {
			isa = PBXSourcesBuildPhase;
			buildActionMask = 2147483647;
			files = (
				CB25EF041B2C6C3300E003F9 /* CrimeAlertTests.m in Sources */,
			);
			runOnlyForDeploymentPostprocessing = 0;
		};
/* End PBXSourcesBuildPhase section */

/* Begin PBXTargetDependency section */
		CB25EEFF1B2C6C3300E003F9 /* PBXTargetDependency */ = {
			isa = PBXTargetDependency;
			target = CB25EEE31B2C6C3200E003F9 /* CrimeAlert */;
			targetProxy = CB25EEFE1B2C6C3300E003F9 /* PBXContainerItemProxy */;
		};
/* End PBXTargetDependency section */

/* Begin PBXVariantGroup section */
		CB25EEF11B2C6C3200E003F9 /* Main.storyboard */ = {
			isa = PBXVariantGroup;
			children = (
				CB25EEF21B2C6C3200E003F9 /* Base */,
			);
			name = Main.storyboard;
			sourceTree = "<group>";
		};
		CB25EEF61B2C6C3200E003F9 /* LaunchScreen.xib */ = {
			isa = PBXVariantGroup;
			children = (
				CB25EEF71B2C6C3200E003F9 /* Base */,
			);
			name = LaunchScreen.xib;
			sourceTree = "<group>";
		};
/* End PBXVariantGroup section */

/* Begin XCBuildConfiguration section */
		CB25EF051B2C6C3300E003F9 /* Debug */ = {
			isa = XCBuildConfiguration;
			buildSettings = {
				ALWAYS_SEARCH_USER_PATHS = NO;
				CLANG_CXX_LANGUAGE_STANDARD = "gnu++0x";
				CLANG_CXX_LIBRARY = "libc++";
				CLANG_ENABLE_MODULES = YES;
				CLANG_ENABLE_OBJC_ARC = YES;
				CLANG_WARN_BOOL_CONVERSION = YES;
				CLANG_WARN_CONSTANT_CONVERSION = YES;
				CLANG_WARN_DIRECT_OBJC_ISA_USAGE = YES_ERROR;
				CLANG_WARN_EMPTY_BODY = YES;
				CLANG_WARN_ENUM_CONVERSION = YES;
				CLANG_WARN_INT_CONVERSION = YES;
				CLANG_WARN_OBJC_ROOT_CLASS = YES_ERROR;
				CLANG_WARN_UNREACHABLE_CODE = YES;
				CLANG_WARN__DUPLICATE_METHOD_MATCH = YES;
				"CODE_SIGN_IDENTITY[sdk=iphoneos*]" = "iPhone Developer";
				COPY_PHASE_STRIP = NO;
				DEBUG_INFORMATION_FORMAT = "dwarf-with-dsym";
				ENABLE_STRICT_OBJC_MSGSEND = YES;
				GCC_C_LANGUAGE_STANDARD = gnu99;
				GCC_DYNAMIC_NO_PIC = NO;
				GCC_NO_COMMON_BLOCKS = YES;
				GCC_OPTIMIZATION_LEVEL = 0;
				GCC_PREPROCESSOR_DEFINITIONS = (
					"DEBUG=1",
					"$(inherited)",
				);
				GCC_SYMBOLS_PRIVATE_EXTERN = NO;
				GCC_WARN_64_TO_32_BIT_CONVERSION = YES;
				GCC_WARN_ABOUT_RETURN_TYPE = YES_ERROR;
				GCC_WARN_UNDECLARED_SELECTOR = YES;
				GCC_WARN_UNINITIALIZED_AUTOS = YES_AGGRESSIVE;
				GCC_WARN_UNUSED_FUNCTION = YES;
				GCC_WARN_UNUSED_VARIABLE = YES;
				IPHONEOS_DEPLOYMENT_TARGET = 8.3;
				MTL_ENABLE_DEBUG_INFO = YES;
				ONLY_ACTIVE_ARCH = YES;
				SDKROOT = iphoneos;
			};
			name = Debug;
		};
		CB25EF061B2C6C3300E003F9 /* Release */ = {
			isa = XCBuildConfiguration;
			buildSettings = {
				ALWAYS_SEARCH_USER_PATHS = NO;
				CLANG_CXX_LANGUAGE_STANDARD = "gnu++0x";
				CLANG_CXX_LIBRARY = "libc++";
				CLANG_ENABLE_MODULES = YES;
				CLANG_ENABLE_OBJC_ARC = YES;
				CLANG_WARN_BOOL_CONVERSION = YES;
				CLANG_WARN_CONSTANT_CONVERSION = YES;
				CLANG_WARN_DIRECT_OBJC_ISA_USAGE = YES_ERROR;
				CLANG_WARN_EMPTY_BODY = YES;
				CLANG_WARN_ENUM_CONVERSION = YES;
				CLANG_WARN_INT_CONVERSION = YES;
				CLANG_WARN_OBJC_ROOT_CLASS = YES_ERROR;
				CLANG_WARN_UNREACHABLE_CODE = YES;
				CLANG_WARN__DUPLICATE_METHOD_MATCH = YES;
				"CODE_SIGN_IDENTITY[sdk=iphoneos*]" = "iPhone Developer";
				COPY_PHASE_STRIP = NO;
				DEBUG_INFORMATION_FORMAT = "dwarf-with-dsym";
				ENABLE_NS_ASSERTIONS = NO;
				ENABLE_STRICT_OBJC_MSGSEND = YES;
				GCC_C_LANGUAGE_STANDARD = gnu99;
				GCC_NO_COMMON_BLOCKS = YES;
				GCC_WARN_64_TO_32_BIT_CONVERSION = YES;
				GCC_WARN_ABOUT_RETURN_TYPE = YES_ERROR;
				GCC_WARN_UNDECLARED_SELECTOR = YES;
				GCC_WARN_UNINITIALIZED_AUTOS = YES_AGGRESSIVE;
				GCC_WARN_UNUSED_FUNCTION = YES;
				GCC_WARN_UNUSED_VARIABLE = YES;
				IPHONEOS_DEPLOYMENT_TARGET = 8.3;
				MTL_ENABLE_DEBUG_INFO = NO;
				SDKROOT = iphoneos;
				VALIDATE_PRODUCT = YES;
			};
			name = Release;
		};
		CB25EF081B2C6C3300E003F9 /* Debug */ = {
			isa = XCBuildConfiguration;
			buildSettings = {
				ASSETCATALOG_COMPILER_APPICON_NAME = AppIcon;
				INFOPLIST_FILE = CrimeAlert/Info.plist;
				LD_RUNPATH_SEARCH_PATHS = "$(inherited) @executable_path/Frameworks";
				PRODUCT_NAME = "$(TARGET_NAME)";
			};
			name = Debug;
		};
		CB25EF091B2C6C3300E003F9 /* Release */ = {
			isa = XCBuildConfiguration;
			buildSettings = {
				ASSETCATALOG_COMPILER_APPICON_NAME = AppIcon;
				INFOPLIST_FILE = CrimeAlert/Info.plist;
				LD_RUNPATH_SEARCH_PATHS = "$(inherited) @executable_path/Frameworks";
				PRODUCT_NAME = "$(TARGET_NAME)";
			};
			name = Release;
		};
		CB25EF0B1B2C6C3300E003F9 /* Debug */ = {
			isa = XCBuildConfiguration;
			buildSettings = {
				BUNDLE_LOADER = "$(TEST_HOST)";
				FRAMEWORK_SEARCH_PATHS = (
					"$(SDKROOT)/Developer/Library/Frameworks",
					"$(inherited)",
				);
				GCC_PREPROCESSOR_DEFINITIONS = (
					"DEBUG=1",
					"$(inherited)",
				);
				INFOPLIST_FILE = CrimeAlertTests/Info.plist;
				LD_RUNPATH_SEARCH_PATHS = "$(inherited) @executable_path/Frameworks @loader_path/Frameworks";
				PRODUCT_NAME = "$(TARGET_NAME)";
				TEST_HOST = "$(BUILT_PRODUCTS_DIR)/CrimeAlert.app/CrimeAlert";
			};
			name = Debug;
		};
		CB25EF0C1B2C6C3300E003F9 /* Release */ = {
			isa = XCBuildConfiguration;
			buildSettings = {
				BUNDLE_LOADER = "$(TEST_HOST)";
				FRAMEWORK_SEARCH_PATHS = (
					"$(SDKROOT)/Developer/Library/Frameworks",
					"$(inherited)",
				);
				INFOPLIST_FILE = CrimeAlertTests/Info.plist;
				LD_RUNPATH_SEARCH_PATHS = "$(inherited) @executable_path/Frameworks @loader_path/Frameworks";
				PRODUCT_NAME = "$(TARGET_NAME)";
				TEST_HOST = "$(BUILT_PRODUCTS_DIR)/CrimeAlert.app/CrimeAlert";
			};
			name = Release;
		};
/* End XCBuildConfiguration section */

/* Begin XCConfigurationList section */
		CB25EEDF1B2C6C3200E003F9 /* Build configuration list for PBXProject "CrimeAlert" */ = {
			isa = XCConfigurationList;
			buildConfigurations = (
				CB25EF051B2C6C3300E003F9 /* Debug */,
				CB25EF061B2C6C3300E003F9 /* Release */,
			);
			defaultConfigurationIsVisible = 0;
			defaultConfigurationName = Release;
		};
		CB25EF071B2C6C3300E003F9 /* Build configuration list for PBXNativeTarget "CrimeAlert" */ = {
			isa = XCConfigurationList;
			buildConfigurations = (
				CB25EF081B2C6C3300E003F9 /* Debug */,
				CB25EF091B2C6C3300E003F9 /* Release */,
			);
			defaultConfigurationIsVisible = 0;
		};
		CB25EF0A1B2C6C3300E003F9 /* Build configuration list for PBXNativeTarget "CrimeAlertTests" */ = {
			isa = XCConfigurationList;
			buildConfigurations = (
				CB25EF0B1B2C6C3300E003F9 /* Debug */,
				CB25EF0C1B2C6C3300E003F9 /* Release */,
			);
			defaultConfigurationIsVisible = 0;
		};
/* End XCConfigurationList section */
	};
	rootObject = CB25EEDC1B2C6C3200E003F9 /* Project object */;
}
